
Microsoft Visual Studio Solution File, Format Version 12.00
# Visual Studio Version 16
VisualStudioVersion = 16.0.32510.428
MinimumVisualStudioVersion = 10.0.40219.1
Project("{9A19103F-16F7-4668-BE54-9A1E7A4F7556}") = "ProductProject", "ProductProject\ProductProject.csproj", "{77180733-194D-478D-BAAC-E17684E997FB}"
EndProject
Project("{9A19103F-16F7-4668-BE54-9A1E7A4F7556}") = "TestProductProject", "TestProductProject\TestProductProject.csproj", "{EFBEEF05-94E7-41FD-9EB5-05E7187CFA5A}"
EndProject
Global
	GlobalSection(SolutionConfigurationPlatforms) = preSolution
		Debug|Any CPU = Debug|Any CPU
		Release|Any CPU = Release|Any CPU
	EndGlobalSection
	GlobalSection(ProjectConfigurationPlatforms) = postSolution
		{77180733-194D-478D-BAAC-E17684E997FB}.Debug|Any CPU.ActiveCfg = Debug|Any CPU
		{77180733-194D-478D-BAAC-E17684E997FB}.Debug|Any CPU.Build.0 = Debug|Any CPU
		{77180733-194D-478D-BAAC-E17684E997FB}.Release|Any CPU.ActiveCfg = Release|Any CPU
		{77180733-194D-478D-BAAC-E17684E997FB}.Release|Any CPU.Build.0 = Release|Any CPU
		{EFBEEF05-94E7-41FD-9EB5-05E7187CFA5A}.Debug|Any CPU.ActiveCfg = Debug|Any CPU
		{EFBEEF05-94E7-41FD-9EB5-05E7187CFA5A}.Debug|Any CPU.Build.0 = Debug|Any CPU
		{EFBEEF05-94E7-41FD-9EB5-05E7187CFA5A}.Release|Any CPU.ActiveCfg = Release|Any CPU
		{EFBEEF05-94E7-41FD-9EB5-05E7187CFA5A}.Release|Any CPU.Build.0 = Release|Any CPU
	EndGlobalSection
	GlobalSection(SolutionProperties) = preSolution
		HideSolutionNode = FALSE
	EndGlobalSection
	GlobalSection(ExtensibilityGlobals) = postSolution
		SolutionGuid = {394A452E-4361-42E8-A870-D4FA846D726B}
	EndGlobalSection
EndGlobal
